// !$*UTF8*$!
{
	archiveVersion = 1;
	classes = {
	};
	objectVersion = 55;
	objects = {

/* Begin PBXBuildFile section */
		372503E028A84F5E00D1EADE /* Day07.swift in Sources */ = {isa = PBXBuildFile; fileRef = 372503DF28A84F5E00D1EADE /* Day07.swift */; };
		3747448728995C60000DA4D9 /* AoC_2018App.swift in Sources */ = {isa = PBXBuildFile; fileRef = 3747448628995C60000DA4D9 /* AoC_2018App.swift */; };
		3747448928995C60000DA4D9 /* ContentView.swift in Sources */ = {isa = PBXBuildFile; fileRef = 3747448828995C60000DA4D9 /* ContentView.swift */; };
		3747448B28995C61000DA4D9 /* Assets.xcassets in Resources */ = {isa = PBXBuildFile; fileRef = 3747448A28995C61000DA4D9 /* Assets.xcassets */; };
		3747448E28995C61000DA4D9 /* Preview Assets.xcassets in Resources */ = {isa = PBXBuildFile; fileRef = 3747448D28995C61000DA4D9 /* Preview Assets.xcassets */; };
		3747449728995CCF000DA4D9 /* Day02.swift in Sources */ = {isa = PBXBuildFile; fileRef = 3747449628995CCF000DA4D9 /* Day02.swift */; };
		3747449928995D2F000DA4D9 /* AoCUtil.swift in Sources */ = {isa = PBXBuildFile; fileRef = 3747449828995D2F000DA4D9 /* AoCUtil.swift */; };
		3747449E289968D4000DA4D9 /* SolutionRow.swift in Sources */ = {isa = PBXBuildFile; fileRef = 3747449D289968D4000DA4D9 /* SolutionRow.swift */; };
		374744A028996B42000DA4D9 /* Day01.swift in Sources */ = {isa = PBXBuildFile; fileRef = 3747449F28996B42000DA4D9 /* Day01.swift */; };
		374744A228996C3D000DA4D9 /* SolutionList.swift in Sources */ = {isa = PBXBuildFile; fileRef = 374744A128996C3D000DA4D9 /* SolutionList.swift */; };
		374744A42899706C000DA4D9 /* InputList.swift in Sources */ = {isa = PBXBuildFile; fileRef = 374744A32899706C000DA4D9 /* InputList.swift */; };
		374744A62899707B000DA4D9 /* InputRow.swift in Sources */ = {isa = PBXBuildFile; fileRef = 374744A52899707B000DA4D9 /* InputRow.swift */; };
		374744AA28997E71000DA4D9 /* Day03.swift in Sources */ = {isa = PBXBuildFile; fileRef = 374744A928997E71000DA4D9 /* Day03.swift */; };
		374744AD2899B9EB000DA4D9 /* Algorithms in Frameworks */ = {isa = PBXBuildFile; productRef = 374744AC2899B9EB000DA4D9 /* Algorithms */; };
		374744AF2899D4C9000DA4D9 /* Day04.swift in Sources */ = {isa = PBXBuildFile; fileRef = 374744AE2899D4C9000DA4D9 /* Day04.swift */; };
		3777E7DB289C04310038FE29 /* ResultView.swift in Sources */ = {isa = PBXBuildFile; fileRef = 3777E7DA289C04310038FE29 /* ResultView.swift */; };
		379D001A28B2E08700AD8A80 /* Day09.swift in Sources */ = {isa = PBXBuildFile; fileRef = 379D001928B2E08700AD8A80 /* Day09.swift */; };
		379D001C28B2EC7900AD8A80 /* Day10.swift in Sources */ = {isa = PBXBuildFile; fileRef = 379D001B28B2EC7900AD8A80 /* Day10.swift */; };
		379D001E28B4385700AD8A80 /* Day11.swift in Sources */ = {isa = PBXBuildFile; fileRef = 379D001D28B4385700AD8A80 /* Day11.swift */; };
		37A2F82E28BE4AA000B9C3B9 /* AoCStrings.swift in Sources */ = {isa = PBXBuildFile; fileRef = 37A2F82D28BE4AA000B9C3B9 /* AoCStrings.swift */; };
		37A2F83028BE4AD400B9C3B9 /* AoCSpatial.swift in Sources */ = {isa = PBXBuildFile; fileRef = 37A2F82F28BE4AD400B9C3B9 /* AoCSpatial.swift */; };
		37A2F83228BE4CC800B9C3B9 /* Day14.swift in Sources */ = {isa = PBXBuildFile; fileRef = 37A2F83128BE4CC800B9C3B9 /* Day14.swift */; };
		37A2F83428BEB6E800B9C3B9 /* Day15.swift in Sources */ = {isa = PBXBuildFile; fileRef = 37A2F83328BEB6E800B9C3B9 /* Day15.swift */; };
		37B5F2CE28B277BE0092EC92 /* Day08.swift in Sources */ = {isa = PBXBuildFile; fileRef = 37B5F2CD28B277BE0092EC92 /* Day08.swift */; };
		37C1820528BBC9E700620E4D /* Day12.swift in Sources */ = {isa = PBXBuildFile; fileRef = 37C1820428BBC9E700620E4D /* Day12.swift */; };
		37C1820728BD682D00620E4D /* Day13.swift in Sources */ = {isa = PBXBuildFile; fileRef = 37C1820628BD682D00620E4D /* Day13.swift */; };
		37D7B81728A17C6700754980 /* StopwatchView.swift in Sources */ = {isa = PBXBuildFile; fileRef = 37D7B81628A17C6700754980 /* StopwatchView.swift */; };
		37D7B81928A17FF200754980 /* StopwatchUnitView.swift in Sources */ = {isa = PBXBuildFile; fileRef = 37D7B81828A17FF200754980 /* StopwatchUnitView.swift */; };
		B868042A28A5B1680003FD5C /* Day06.swift in Sources */ = {isa = PBXBuildFile; fileRef = B868042928A5B1680003FD5C /* Day06.swift */; };
		B875313C28A4583D00B4AAD3 /* Day05.swift in Sources */ = {isa = PBXBuildFile; fileRef = B875313B28A4583D00B4AAD3 /* Day05.swift */; };
/* End PBXBuildFile section */

/* Begin PBXFileReference section */
		372503DF28A84F5E00D1EADE /* Day07.swift */ = {isa = PBXFileReference; lastKnownFileType = sourcecode.swift; path = Day07.swift; sourceTree = "<group>"; };
		3747448328995C60000DA4D9 /* AoC 2018.app */ = {isa = PBXFileReference; explicitFileType = wrapper.application; includeInIndex = 0; path = "AoC 2018.app"; sourceTree = BUILT_PRODUCTS_DIR; };
		3747448628995C60000DA4D9 /* AoC_2018App.swift */ = {isa = PBXFileReference; lastKnownFileType = sourcecode.swift; path = AoC_2018App.swift; sourceTree = "<group>"; };
		3747448828995C60000DA4D9 /* ContentView.swift */ = {isa = PBXFileReference; lastKnownFileType = sourcecode.swift; path = ContentView.swift; sourceTree = "<group>"; };
		3747448A28995C61000DA4D9 /* Assets.xcassets */ = {isa = PBXFileReference; lastKnownFileType = folder.assetcatalog; path = Assets.xcassets; sourceTree = "<group>"; };
		3747448D28995C61000DA4D9 /* Preview Assets.xcassets */ = {isa = PBXFileReference; lastKnownFileType = folder.assetcatalog; path = "Preview Assets.xcassets"; sourceTree = "<group>"; };
		3747448F28995C61000DA4D9 /* AoC_2018.entitlements */ = {isa = PBXFileReference; lastKnownFileType = text.plist.entitlements; path = AoC_2018.entitlements; sourceTree = "<group>"; };
		3747449628995CCF000DA4D9 /* Day02.swift */ = {isa = PBXFileReference; lastKnownFileType = sourcecode.swift; path = Day02.swift; sourceTree = "<group>"; };
		3747449828995D2F000DA4D9 /* AoCUtil.swift */ = {isa = PBXFileReference; lastKnownFileType = sourcecode.swift; path = AoCUtil.swift; sourceTree = "<group>"; };
		3747449D289968D4000DA4D9 /* SolutionRow.swift */ = {isa = PBXFileReference; lastKnownFileType = sourcecode.swift; path = SolutionRow.swift; sourceTree = "<group>"; };
		3747449F28996B42000DA4D9 /* Day01.swift */ = {isa = PBXFileReference; lastKnownFileType = sourcecode.swift; path = Day01.swift; sourceTree = "<group>"; };
		374744A128996C3D000DA4D9 /* SolutionList.swift */ = {isa = PBXFileReference; lastKnownFileType = sourcecode.swift; path = SolutionList.swift; sourceTree = "<group>"; };
		374744A32899706C000DA4D9 /* InputList.swift */ = {isa = PBXFileReference; lastKnownFileType = sourcecode.swift; path = InputList.swift; sourceTree = "<group>"; };
		374744A52899707B000DA4D9 /* InputRow.swift */ = {isa = PBXFileReference; lastKnownFileType = sourcecode.swift; path = InputRow.swift; sourceTree = "<group>"; };
		374744A928997E71000DA4D9 /* Day03.swift */ = {isa = PBXFileReference; lastKnownFileType = sourcecode.swift; path = Day03.swift; sourceTree = "<group>"; };
		374744AE2899D4C9000DA4D9 /* Day04.swift */ = {isa = PBXFileReference; lastKnownFileType = sourcecode.swift; path = Day04.swift; sourceTree = "<group>"; };
		3777E7DA289C04310038FE29 /* ResultView.swift */ = {isa = PBXFileReference; lastKnownFileType = sourcecode.swift; path = ResultView.swift; sourceTree = "<group>"; };
		379D001928B2E08700AD8A80 /* Day09.swift */ = {isa = PBXFileReference; lastKnownFileType = sourcecode.swift; path = Day09.swift; sourceTree = "<group>"; };
		379D001B28B2EC7900AD8A80 /* Day10.swift */ = {isa = PBXFileReference; lastKnownFileType = sourcecode.swift; path = Day10.swift; sourceTree = "<group>"; };
		379D001D28B4385700AD8A80 /* Day11.swift */ = {isa = PBXFileReference; lastKnownFileType = sourcecode.swift; path = Day11.swift; sourceTree = "<group>"; };
		37A2F82D28BE4AA000B9C3B9 /* AoCStrings.swift */ = {isa = PBXFileReference; lastKnownFileType = sourcecode.swift; path = AoCStrings.swift; sourceTree = "<group>"; };
		37A2F82F28BE4AD400B9C3B9 /* AoCSpatial.swift */ = {isa = PBXFileReference; lastKnownFileType = sourcecode.swift; path = AoCSpatial.swift; sourceTree = "<group>"; };
		37A2F83128BE4CC800B9C3B9 /* Day14.swift */ = {isa = PBXFileReference; lastKnownFileType = sourcecode.swift; path = Day14.swift; sourceTree = "<group>"; };
		37A2F83328BEB6E800B9C3B9 /* Day15.swift */ = {isa = PBXFileReference; lastKnownFileType = sourcecode.swift; path = Day15.swift; sourceTree = "<group>"; };
		37B5F2CD28B277BE0092EC92 /* Day08.swift */ = {isa = PBXFileReference; lastKnownFileType = sourcecode.swift; path = Day08.swift; sourceTree = "<group>"; };
		37C1820428BBC9E700620E4D /* Day12.swift */ = {isa = PBXFileReference; lastKnownFileType = sourcecode.swift; path = Day12.swift; sourceTree = "<group>"; };
		37C1820628BD682D00620E4D /* Day13.swift */ = {isa = PBXFileReference; lastKnownFileType = sourcecode.swift; path = Day13.swift; sourceTree = "<group>"; };
		37D7B81628A17C6700754980 /* StopwatchView.swift */ = {isa = PBXFileReference; lastKnownFileType = sourcecode.swift; path = StopwatchView.swift; sourceTree = "<group>"; };
		37D7B81828A17FF200754980 /* StopwatchUnitView.swift */ = {isa = PBXFileReference; lastKnownFileType = sourcecode.swift; path = StopwatchUnitView.swift; sourceTree = "<group>"; };
		B868042928A5B1680003FD5C /* Day06.swift */ = {isa = PBXFileReference; lastKnownFileType = sourcecode.swift; path = Day06.swift; sourceTree = "<group>"; };
		B875313B28A4583D00B4AAD3 /* Day05.swift */ = {isa = PBXFileReference; lastKnownFileType = sourcecode.swift; path = Day05.swift; sourceTree = "<group>"; };
/* End PBXFileReference section */

/* Begin PBXFrameworksBuildPhase section */
		3747448028995C60000DA4D9 /* Frameworks */ = {
			isa = PBXFrameworksBuildPhase;
			buildActionMask = 2147483647;
			files = (
				374744AD2899B9EB000DA4D9 /* Algorithms in Frameworks */,
			);
			runOnlyForDeploymentPostprocessing = 0;
		};
/* End PBXFrameworksBuildPhase section */

/* Begin PBXGroup section */
		3747447A28995C60000DA4D9 = {
			isa = PBXGroup;
			children = (
				3747448528995C60000DA4D9 /* AoC 2018 */,
				3747448428995C60000DA4D9 /* Products */,
			);
			sourceTree = "<group>";
		};
		3747448428995C60000DA4D9 /* Products */ = {
			isa = PBXGroup;
			children = (
				3747448328995C60000DA4D9 /* AoC 2018.app */,
			);
			name = Products;
			sourceTree = "<group>";
		};
		3747448528995C60000DA4D9 /* AoC 2018 */ = {
			isa = PBXGroup;
			children = (
				3747449C28996849000DA4D9 /* Views */,
				3747449528995CB8000DA4D9 /* Solutions */,
				3747448628995C60000DA4D9 /* AoC_2018App.swift */,
				3747448A28995C61000DA4D9 /* Assets.xcassets */,
				3747448F28995C61000DA4D9 /* AoC_2018.entitlements */,
				3747448C28995C61000DA4D9 /* Preview Content */,
			);
			path = "AoC 2018";
			sourceTree = "<group>";
		};
		3747448C28995C61000DA4D9 /* Preview Content */ = {
			isa = PBXGroup;
			children = (
				3747448D28995C61000DA4D9 /* Preview Assets.xcassets */,
			);
			path = "Preview Content";
			sourceTree = "<group>";
		};
		3747449528995CB8000DA4D9 /* Solutions */ = {
			isa = PBXGroup;
			children = (
				3747449828995D2F000DA4D9 /* AoCUtil.swift */,
				37A2F82D28BE4AA000B9C3B9 /* AoCStrings.swift */,
				37A2F82F28BE4AD400B9C3B9 /* AoCSpatial.swift */,
				3747449F28996B42000DA4D9 /* Day01.swift */,
				3747449628995CCF000DA4D9 /* Day02.swift */,
				374744A928997E71000DA4D9 /* Day03.swift */,
				374744AE2899D4C9000DA4D9 /* Day04.swift */,
				B875313B28A4583D00B4AAD3 /* Day05.swift */,
				B868042928A5B1680003FD5C /* Day06.swift */,
				372503DF28A84F5E00D1EADE /* Day07.swift */,
				37B5F2CD28B277BE0092EC92 /* Day08.swift */,
				379D001928B2E08700AD8A80 /* Day09.swift */,
				379D001B28B2EC7900AD8A80 /* Day10.swift */,
				379D001D28B4385700AD8A80 /* Day11.swift */,
				37C1820428BBC9E700620E4D /* Day12.swift */,
				37C1820628BD682D00620E4D /* Day13.swift */,
				37A2F83128BE4CC800B9C3B9 /* Day14.swift */,
				37A2F83328BEB6E800B9C3B9 /* Day15.swift */,
			);
			path = Solutions;
			sourceTree = "<group>";
		};
		3747449C28996849000DA4D9 /* Views */ = {
			isa = PBXGroup;
			children = (
				3747448828995C60000DA4D9 /* ContentView.swift */,
				374744A128996C3D000DA4D9 /* SolutionList.swift */,
				3747449D289968D4000DA4D9 /* SolutionRow.swift */,
				374744A32899706C000DA4D9 /* InputList.swift */,
				374744A52899707B000DA4D9 /* InputRow.swift */,
				3777E7DA289C04310038FE29 /* ResultView.swift */,
				37D7B81628A17C6700754980 /* StopwatchView.swift */,
				37D7B81828A17FF200754980 /* StopwatchUnitView.swift */,
			);
			path = Views;
			sourceTree = "<group>";
		};
/* End PBXGroup section */

/* Begin PBXNativeTarget section */
		3747448228995C60000DA4D9 /* AoC 2018 */ = {
			isa = PBXNativeTarget;
			buildConfigurationList = 3747449228995C61000DA4D9 /* Build configuration list for PBXNativeTarget "AoC 2018" */;
			buildPhases = (
				3747447F28995C60000DA4D9 /* Sources */,
				3747448028995C60000DA4D9 /* Frameworks */,
				3747448128995C60000DA4D9 /* Resources */,
			);
			buildRules = (
			);
			dependencies = (
			);
			name = "AoC 2018";
			packageProductDependencies = (
				374744AC2899B9EB000DA4D9 /* Algorithms */,
			);
			productName = "AoC 2018";
			productReference = 3747448328995C60000DA4D9 /* AoC 2018.app */;
			productType = "com.apple.product-type.application";
		};
/* End PBXNativeTarget section */

/* Begin PBXProject section */
		3747447B28995C60000DA4D9 /* Project object */ = {
			isa = PBXProject;
			attributes = {
				BuildIndependentTargetsInParallel = 1;
				LastSwiftUpdateCheck = 1340;
				LastUpgradeCheck = 1340;
				TargetAttributes = {
					3747448228995C60000DA4D9 = {
						CreatedOnToolsVersion = 13.4.1;
					};
				};
			};
			buildConfigurationList = 3747447E28995C60000DA4D9 /* Build configuration list for PBXProject "AoC 2018" */;
			compatibilityVersion = "Xcode 13.0";
			developmentRegion = en;
			hasScannedForEncodings = 0;
			knownRegions = (
				en,
				Base,
			);
			mainGroup = 3747447A28995C60000DA4D9;
			packageReferences = (
				374744AB2899B9EB000DA4D9 /* XCRemoteSwiftPackageReference "swift-algorithms" */,
			);
			productRefGroup = 3747448428995C60000DA4D9 /* Products */;
			projectDirPath = "";
			projectRoot = "";
			targets = (
				3747448228995C60000DA4D9 /* AoC 2018 */,
			);
		};
/* End PBXProject section */

/* Begin PBXResourcesBuildPhase section */
		3747448128995C60000DA4D9 /* Resources */ = {
			isa = PBXResourcesBuildPhase;
			buildActionMask = 2147483647;
			files = (
				3747448E28995C61000DA4D9 /* Preview Assets.xcassets in Resources */,
				3747448B28995C61000DA4D9 /* Assets.xcassets in Resources */,
			);
			runOnlyForDeploymentPostprocessing = 0;
		};
/* End PBXResourcesBuildPhase section */

/* Begin PBXSourcesBuildPhase section */
		3747447F28995C60000DA4D9 /* Sources */ = {
			isa = PBXSourcesBuildPhase;
			buildActionMask = 2147483647;
			files = (
				374744AA28997E71000DA4D9 /* Day03.swift in Sources */,
				374744A028996B42000DA4D9 /* Day01.swift in Sources */,
				3747448928995C60000DA4D9 /* ContentView.swift in Sources */,
				374744A42899706C000DA4D9 /* InputList.swift in Sources */,
				3747449928995D2F000DA4D9 /* AoCUtil.swift in Sources */,
				37C1820728BD682D00620E4D /* Day13.swift in Sources */,
				379D001C28B2EC7900AD8A80 /* Day10.swift in Sources */,
				372503E028A84F5E00D1EADE /* Day07.swift in Sources */,
				B875313C28A4583D00B4AAD3 /* Day05.swift in Sources */,
				37D7B81728A17C6700754980 /* StopwatchView.swift in Sources */,
				37A2F83028BE4AD400B9C3B9 /* AoCSpatial.swift in Sources */,
				37C1820528BBC9E700620E4D /* Day12.swift in Sources */,
				3777E7DB289C04310038FE29 /* ResultView.swift in Sources */,
				374744AF2899D4C9000DA4D9 /* Day04.swift in Sources */,
				3747448728995C60000DA4D9 /* AoC_2018App.swift in Sources */,
				B868042A28A5B1680003FD5C /* Day06.swift in Sources */,
				3747449E289968D4000DA4D9 /* SolutionRow.swift in Sources */,
				37A2F82E28BE4AA000B9C3B9 /* AoCStrings.swift in Sources */,
				3747449728995CCF000DA4D9 /* Day02.swift in Sources */,
				37B5F2CE28B277BE0092EC92 /* Day08.swift in Sources */,
				374744A228996C3D000DA4D9 /* SolutionList.swift in Sources */,
				379D001A28B2E08700AD8A80 /* Day09.swift in Sources */,
				37D7B81928A17FF200754980 /* StopwatchUnitView.swift in Sources */,
				37A2F83428BEB6E800B9C3B9 /* Day15.swift in Sources */,
				374744A62899707B000DA4D9 /* InputRow.swift in Sources */,
				379D001E28B4385700AD8A80 /* Day11.swift in Sources */,
				37A2F83228BE4CC800B9C3B9 /* Day14.swift in Sources */,
			);
			runOnlyForDeploymentPostprocessing = 0;
		};
/* End PBXSourcesBuildPhase section */

/* Begin XCBuildConfiguration section */
		3747449028995C61000DA4D9 /* Debug */ = {
			isa = XCBuildConfiguration;
			buildSettings = {
				ALWAYS_SEARCH_USER_PATHS = NO;
				CLANG_ANALYZER_NONNULL = YES;
				CLANG_ANALYZER_NUMBER_OBJECT_CONVERSION = YES_AGGRESSIVE;
				CLANG_CXX_LANGUAGE_STANDARD = "gnu++17";
				CLANG_ENABLE_MODULES = YES;
				CLANG_ENABLE_OBJC_ARC = YES;
				CLANG_ENABLE_OBJC_WEAK = YES;
				CLANG_WARN_BLOCK_CAPTURE_AUTORELEASING = YES;
				CLANG_WARN_BOOL_CONVERSION = YES;
				CLANG_WARN_COMMA = YES;
				CLANG_WARN_CONSTANT_CONVERSION = YES;
				CLANG_WARN_DEPRECATED_OBJC_IMPLEMENTATIONS = YES;
				CLANG_WARN_DIRECT_OBJC_ISA_USAGE = YES_ERROR;
				CLANG_WARN_DOCUMENTATION_COMMENTS = YES;
				CLANG_WARN_EMPTY_BODY = YES;
				CLANG_WARN_ENUM_CONVERSION = YES;
				CLANG_WARN_INFINITE_RECURSION = YES;
				CLANG_WARN_INT_CONVERSION = YES;
				CLANG_WARN_NON_LITERAL_NULL_CONVERSION = YES;
				CLANG_WARN_OBJC_IMPLICIT_RETAIN_SELF = YES;
				CLANG_WARN_OBJC_LITERAL_CONVERSION = YES;
				CLANG_WARN_OBJC_ROOT_CLASS = YES_ERROR;
				CLANG_WARN_QUOTED_INCLUDE_IN_FRAMEWORK_HEADER = YES;
				CLANG_WARN_RANGE_LOOP_ANALYSIS = YES;
				CLANG_WARN_STRICT_PROTOTYPES = YES;
				CLANG_WARN_SUSPICIOUS_MOVE = YES;
				CLANG_WARN_UNGUARDED_AVAILABILITY = YES_AGGRESSIVE;
				CLANG_WARN_UNREACHABLE_CODE = YES;
				CLANG_WARN__DUPLICATE_METHOD_MATCH = YES;
				COPY_PHASE_STRIP = NO;
				DEBUG_INFORMATION_FORMAT = dwarf;
				ENABLE_STRICT_OBJC_MSGSEND = YES;
				ENABLE_TESTABILITY = YES;
				GCC_C_LANGUAGE_STANDARD = gnu11;
				GCC_DYNAMIC_NO_PIC = NO;
				GCC_NO_COMMON_BLOCKS = YES;
				GCC_OPTIMIZATION_LEVEL = 0;
				GCC_PREPROCESSOR_DEFINITIONS = (
					"DEBUG=1",
					"$(inherited)",
				);
				GCC_WARN_64_TO_32_BIT_CONVERSION = YES;
				GCC_WARN_ABOUT_RETURN_TYPE = YES_ERROR;
				GCC_WARN_UNDECLARED_SELECTOR = YES;
				GCC_WARN_UNINITIALIZED_AUTOS = YES_AGGRESSIVE;
				GCC_WARN_UNUSED_FUNCTION = YES;
				GCC_WARN_UNUSED_VARIABLE = YES;
				MACOSX_DEPLOYMENT_TARGET = 12.3;
				MTL_ENABLE_DEBUG_INFO = INCLUDE_SOURCE;
				MTL_FAST_MATH = YES;
				ONLY_ACTIVE_ARCH = YES;
				SDKROOT = macosx;
				SWIFT_ACTIVE_COMPILATION_CONDITIONS = DEBUG;
				SWIFT_OPTIMIZATION_LEVEL = "-Onone";
			};
			name = Debug;
		};
		3747449128995C61000DA4D9 /* Release */ = {
			isa = XCBuildConfiguration;
			buildSettings = {
				ALWAYS_SEARCH_USER_PATHS = NO;
				CLANG_ANALYZER_NONNULL = YES;
				CLANG_ANALYZER_NUMBER_OBJECT_CONVERSION = YES_AGGRESSIVE;
				CLANG_CXX_LANGUAGE_STANDARD = "gnu++17";
				CLANG_ENABLE_MODULES = YES;
				CLANG_ENABLE_OBJC_ARC = YES;
				CLANG_ENABLE_OBJC_WEAK = YES;
				CLANG_WARN_BLOCK_CAPTURE_AUTORELEASING = YES;
				CLANG_WARN_BOOL_CONVERSION = YES;
				CLANG_WARN_COMMA = YES;
				CLANG_WARN_CONSTANT_CONVERSION = YES;
				CLANG_WARN_DEPRECATED_OBJC_IMPLEMENTATIONS = YES;
				CLANG_WARN_DIRECT_OBJC_ISA_USAGE = YES_ERROR;
				CLANG_WARN_DOCUMENTATION_COMMENTS = YES;
				CLANG_WARN_EMPTY_BODY = YES;
				CLANG_WARN_ENUM_CONVERSION = YES;
				CLANG_WARN_INFINITE_RECURSION = YES;
				CLANG_WARN_INT_CONVERSION = YES;
				CLANG_WARN_NON_LITERAL_NULL_CONVERSION = YES;
				CLANG_WARN_OBJC_IMPLICIT_RETAIN_SELF = YES;
				CLANG_WARN_OBJC_LITERAL_CONVERSION = YES;
				CLANG_WARN_OBJC_ROOT_CLASS = YES_ERROR;
				CLANG_WARN_QUOTED_INCLUDE_IN_FRAMEWORK_HEADER = YES;
				CLANG_WARN_RANGE_LOOP_ANALYSIS = YES;
				CLANG_WARN_STRICT_PROTOTYPES = YES;
				CLANG_WARN_SUSPICIOUS_MOVE = YES;
				CLANG_WARN_UNGUARDED_AVAILABILITY = YES_AGGRESSIVE;
				CLANG_WARN_UNREACHABLE_CODE = YES;
				CLANG_WARN__DUPLICATE_METHOD_MATCH = YES;
				COPY_PHASE_STRIP = NO;
				DEBUG_INFORMATION_FORMAT = "dwarf-with-dsym";
				ENABLE_NS_ASSERTIONS = NO;
				ENABLE_STRICT_OBJC_MSGSEND = YES;
				GCC_C_LANGUAGE_STANDARD = gnu11;
				GCC_NO_COMMON_BLOCKS = YES;
				GCC_WARN_64_TO_32_BIT_CONVERSION = YES;
				GCC_WARN_ABOUT_RETURN_TYPE = YES_ERROR;
				GCC_WARN_UNDECLARED_SELECTOR = YES;
				GCC_WARN_UNINITIALIZED_AUTOS = YES_AGGRESSIVE;
				GCC_WARN_UNUSED_FUNCTION = YES;
				GCC_WARN_UNUSED_VARIABLE = YES;
				MACOSX_DEPLOYMENT_TARGET = 12.3;
				MTL_ENABLE_DEBUG_INFO = NO;
				MTL_FAST_MATH = YES;
				SDKROOT = macosx;
				SWIFT_COMPILATION_MODE = wholemodule;
				SWIFT_OPTIMIZATION_LEVEL = "-O";
			};
			name = Release;
		};
		3747449328995C61000DA4D9 /* Debug */ = {
			isa = XCBuildConfiguration;
			buildSettings = {
				ASSETCATALOG_COMPILER_APPICON_NAME = AppIcon;
				ASSETCATALOG_COMPILER_GLOBAL_ACCENT_COLOR_NAME = AccentColor;
				CODE_SIGN_ENTITLEMENTS = "AoC 2018/AoC_2018.entitlements";
				CODE_SIGN_STYLE = Automatic;
				COMBINE_HIDPI_IMAGES = YES;
				CURRENT_PROJECT_VERSION = 1;
				DEVELOPMENT_ASSET_PATHS = "\"AoC 2018/Preview Content\"";
				DEVELOPMENT_TEAM = TQU5FGEV2A;
				ENABLE_HARDENED_RUNTIME = YES;
				ENABLE_PREVIEWS = YES;
				GENERATE_INFOPLIST_FILE = YES;
				INFOPLIST_KEY_NSHumanReadableCopyright = "";
				LD_RUNPATH_SEARCH_PATHS = (
					"$(inherited)",
					"@executable_path/../Frameworks",
				);
				MARKETING_VERSION = 1.0;
				PRODUCT_BUNDLE_IDENTIFIER = "ca.biickert.AoC-2018";
				PRODUCT_NAME = "$(TARGET_NAME)";
				SWIFT_EMIT_LOC_STRINGS = YES;
				SWIFT_VERSION = 5.0;
			};
			name = Debug;
		};
		3747449428995C61000DA4D9 /* Release */ = {
			isa = XCBuildConfiguration;
			buildSettings = {
				ASSETCATALOG_COMPILER_APPICON_NAME = AppIcon;
				ASSETCATALOG_COMPILER_GLOBAL_ACCENT_COLOR_NAME = AccentColor;
				CODE_SIGN_ENTITLEMENTS = "AoC 2018/AoC_2018.entitlements";
				CODE_SIGN_STYLE = Automatic;
				COMBINE_HIDPI_IMAGES = YES;
				CURRENT_PROJECT_VERSION = 1;
				DEVELOPMENT_ASSET_PATHS = "\"AoC 2018/Preview Content\"";
				DEVELOPMENT_TEAM = TQU5FGEV2A;
				ENABLE_HARDENED_RUNTIME = YES;
				ENABLE_PREVIEWS = YES;
				GENERATE_INFOPLIST_FILE = YES;
				INFOPLIST_KEY_NSHumanReadableCopyright = "";
				LD_RUNPATH_SEARCH_PATHS = (
					"$(inherited)",
					"@executable_path/../Frameworks",
				);
				MARKETING_VERSION = 1.0;
				PRODUCT_BUNDLE_IDENTIFIER = "ca.biickert.AoC-2018";
				PRODUCT_NAME = "$(TARGET_NAME)";
				SWIFT_EMIT_LOC_STRINGS = YES;
				SWIFT_VERSION = 5.0;
			};
			name = Release;
		};
/* End XCBuildConfiguration section */

/* Begin XCConfigurationList section */
		3747447E28995C60000DA4D9 /* Build configuration list for PBXProject "AoC 2018" */ = {
			isa = XCConfigurationList;
			buildConfigurations = (
				3747449028995C61000DA4D9 /* Debug */,
				3747449128995C61000DA4D9 /* Release */,
			);
			defaultConfigurationIsVisible = 0;
			defaultConfigurationName = Release;
		};
		3747449228995C61000DA4D9 /* Build configuration list for PBXNativeTarget "AoC 2018" */ = {
			isa = XCConfigurationList;
			buildConfigurations = (
				3747449328995C61000DA4D9 /* Debug */,
				3747449428995C61000DA4D9 /* Release */,
			);
			defaultConfigurationIsVisible = 0;
			defaultConfigurationName = Release;
		};
/* End XCConfigurationList section */

/* Begin XCRemoteSwiftPackageReference section */
		374744AB2899B9EB000DA4D9 /* XCRemoteSwiftPackageReference "swift-algorithms" */ = {
			isa = XCRemoteSwiftPackageReference;
			repositoryURL = "https://github.com/apple/swift-algorithms.git";
			requirement = {
				kind = upToNextMajorVersion;
				minimumVersion = 1.0.0;
			};
		};
/* End XCRemoteSwiftPackageReference section */

/* Begin XCSwiftPackageProductDependency section */
		374744AC2899B9EB000DA4D9 /* Algorithms */ = {
			isa = XCSwiftPackageProductDependency;
			package = 374744AB2899B9EB000DA4D9 /* XCRemoteSwiftPackageReference "swift-algorithms" */;
			productName = Algorithms;
		};
/* End XCSwiftPackageProductDependency section */
	};
	rootObject = 3747447B28995C60000DA4D9 /* Project object */;
}
